
Microsoft Visual Studio Solution File, Format Version 12.00
Project("{FAE04EC0-301F-11D3-BF4B-00C04F79EFBC}") = "Creeds", "Creeds\Creeds.csproj", "{409AE188-0F76-4234-AF45-C700A4DEA672}"
EndProject
Project("{FAE04EC0-301F-11D3-BF4B-00C04F79EFBC}") = "Creeds.Tests", "Creeds.Tests\Creeds.Tests.csproj", "{610566B1-8DAA-4A6C-83DA-E4D72CB0180C}"
EndProject
Global
	GlobalSection(SolutionConfigurationPlatforms) = preSolution
		Debug|Any CPU = Debug|Any CPU
		Release|Any CPU = Release|Any CPU
	EndGlobalSection
	GlobalSection(ProjectConfigurationPlatforms) = postSolution
		{409AE188-0F76-4234-AF45-C700A4DEA672}.Debug|Any CPU.ActiveCfg = Debug|Any CPU
		{409AE188-0F76-4234-AF45-C700A4DEA672}.Debug|Any CPU.Build.0 = Debug|Any CPU
		{409AE188-0F76-4234-AF45-C700A4DEA672}.Release|Any CPU.ActiveCfg = Release|Any CPU
		{409AE188-0F76-4234-AF45-C700A4DEA672}.Release|Any CPU.Build.0 = Release|Any CPU
		{610566B1-8DAA-4A6C-83DA-E4D72CB0180C}.Debug|Any CPU.ActiveCfg = Debug|Any CPU
		{610566B1-8DAA-4A6C-83DA-E4D72CB0180C}.Debug|Any CPU.Build.0 = Debug|Any CPU
		{610566B1-8DAA-4A6C-83DA-E4D72CB0180C}.Release|Any CPU.ActiveCfg = Release|Any CPU
		{610566B1-8DAA-4A6C-83DA-E4D72CB0180C}.Release|Any CPU.Build.0 = Release|Any CPU
	EndGlobalSection
EndGlobal
